// !$*UTF8*$!
{
	archiveVersion = 1;
	classes = {
	};
	objectVersion = 51;
	objects = {

/* Begin PBXBuildFile section */
		6D4E8B404CC4EC16F427F2A2 /* Pods_LocationListingTests.framework in Frameworks */ = {isa = PBXBuildFile; fileRef = 626B75A4A3D7CB7F0F555DC2 /* Pods_LocationListingTests.framework */; };
		D76818DFC426F8A6D8282F4A /* Pods_LocationListing_LocationListingUITests.framework in Frameworks */ = {isa = PBXBuildFile; fileRef = 868CD9FAF54319F06ED2B08B /* Pods_LocationListing_LocationListingUITests.framework */; };
		E05426932644EA09008DAACE /* ObjectMapper+Realm.swift in Sources */ = {isa = PBXBuildFile; fileRef = E05426922644EA09008DAACE /* ObjectMapper+Realm.swift */; };
		E05426972644F8F9008DAACE /* RealmService.swift in Sources */ = {isa = PBXBuildFile; fileRef = E05426962644F8F9008DAACE /* RealmService.swift */; };
		E054269926450673008DAACE /* APIService.swift in Sources */ = {isa = PBXBuildFile; fileRef = E054269826450673008DAACE /* APIService.swift */; };
		E054269B264506FF008DAACE /* DAPIService.swift in Sources */ = {isa = PBXBuildFile; fileRef = E054269A264506FF008DAACE /* DAPIService.swift */; };
		E05426A026453B61008DAACE /* StorageService.swift in Sources */ = {isa = PBXBuildFile; fileRef = E054269F26453B61008DAACE /* StorageService.swift */; };
		E05426A3264568D8008DAACE /* Toast.swift in Sources */ = {isa = PBXBuildFile; fileRef = E05426A2264568D8008DAACE /* Toast.swift */; };
		E06EE97226428BE60079D1DA /* AppDelegate.swift in Sources */ = {isa = PBXBuildFile; fileRef = E06EE97126428BE60079D1DA /* AppDelegate.swift */; };
		E06EE97426428BE60079D1DA /* SceneDelegate.swift in Sources */ = {isa = PBXBuildFile; fileRef = E06EE97326428BE60079D1DA /* SceneDelegate.swift */; };
		E06EE97B26428BE70079D1DA /* Assets.xcassets in Resources */ = {isa = PBXBuildFile; fileRef = E06EE97A26428BE70079D1DA /* Assets.xcassets */; };
		E06EE97E26428BE70079D1DA /* LaunchScreen.storyboard in Resources */ = {isa = PBXBuildFile; fileRef = E06EE97C26428BE70079D1DA /* LaunchScreen.storyboard */; };
		E06EE98926428BE70079D1DA /* LocationListingTests.swift in Sources */ = {isa = PBXBuildFile; fileRef = E06EE98826428BE70079D1DA /* LocationListingTests.swift */; };
		E06EE99426428BE70079D1DA /* LocationListingUITests.swift in Sources */ = {isa = PBXBuildFile; fileRef = E06EE99326428BE70079D1DA /* LocationListingUITests.swift */; };
		E06EE9A22642914A0079D1DA /* TabBarViewController.swift in Sources */ = {isa = PBXBuildFile; fileRef = E06EE9A12642914A0079D1DA /* TabBarViewController.swift */; };
		E06EE9A42642921E0079D1DA /* PersonsListViewController.swift in Sources */ = {isa = PBXBuildFile; fileRef = E06EE9A32642921E0079D1DA /* PersonsListViewController.swift */; };
		E06EE9AA264293000079D1DA /* MultiLocationMapViewController.swift in Sources */ = {isa = PBXBuildFile; fileRef = E06EE9A9264293000079D1DA /* MultiLocationMapViewController.swift */; };
		E06EE9AF26429A540079D1DA /* Colors.xcassets in Resources */ = {isa = PBXBuildFile; fileRef = E06EE9AE26429A540079D1DA /* Colors.xcassets */; };
		E06EE9B12642A3F20079D1DA /* PersonsListTableViewCell.swift in Sources */ = {isa = PBXBuildFile; fileRef = E06EE9B02642A3F20079D1DA /* PersonsListTableViewCell.swift */; };
		E06EE9B32642A4D10079D1DA /* PersonsListViewModel.swift in Sources */ = {isa = PBXBuildFile; fileRef = E06EE9B22642A4D10079D1DA /* PersonsListViewModel.swift */; };
		E06EE9B72642A6020079D1DA /* Person.swift in Sources */ = {isa = PBXBuildFile; fileRef = E06EE9B62642A6020079D1DA /* Person.swift */; };
		E06EE9BB2642A6760079D1DA /* DAPI.swift in Sources */ = {isa = PBXBuildFile; fileRef = E06EE9BA2642A6760079D1DA /* DAPI.swift */; };
		E06EE9BE2642A9E30079D1DA /* PersonListSample.swift in Sources */ = {isa = PBXBuildFile; fileRef = E06EE9BD2642A9E30079D1DA /* PersonListSample.swift */; };
		E06EE9C02642AA200079D1DA /* MockData.swift in Sources */ = {isa = PBXBuildFile; fileRef = E06EE9BF2642AA200079D1DA /* MockData.swift */; };
		E06EE9C22642AC940079D1DA /* MoyaConfig.swift in Sources */ = {isa = PBXBuildFile; fileRef = E06EE9C12642AC940079D1DA /* MoyaConfig.swift */; };
		E06EE9C52642B35E0079D1DA /* PersonName.swift in Sources */ = {isa = PBXBuildFile; fileRef = E06EE9C42642B35E0079D1DA /* PersonName.swift */; };
		E06EE9C82642B5030079D1DA /* LatLon.swift in Sources */ = {isa = PBXBuildFile; fileRef = E06EE9C72642B5030079D1DA /* LatLon.swift */; };
		E0C67F142645814C00258E1D /* SingleLocationMapViewController.swift in Sources */ = {isa = PBXBuildFile; fileRef = E0C67F132645814C00258E1D /* SingleLocationMapViewController.swift */; };
		E0C67F19264584D000258E1D /* CustomNavigationController.swift in Sources */ = {isa = PBXBuildFile; fileRef = E0C67F18264584D000258E1D /* CustomNavigationController.swift */; };
		E4CECEE5A089010B6853AE90 /* Pods_LocationListing.framework in Frameworks */ = {isa = PBXBuildFile; fileRef = D16AFE84E808DC604BDBB0E3 /* Pods_LocationListing.framework */; };
/* End PBXBuildFile section */

/* Begin PBXContainerItemProxy section */
		E06EE98526428BE70079D1DA /* PBXContainerItemProxy */ = {
			isa = PBXContainerItemProxy;
			containerPortal = E06EE96626428BE60079D1DA /* Project object */;
			proxyType = 1;
			remoteGlobalIDString = E06EE96D26428BE60079D1DA;
			remoteInfo = LocationListing;
		};
		E06EE99026428BE70079D1DA /* PBXContainerItemProxy */ = {
			isa = PBXContainerItemProxy;
			containerPortal = E06EE96626428BE60079D1DA /* Project object */;
			proxyType = 1;
			remoteGlobalIDString = E06EE96D26428BE60079D1DA;
			remoteInfo = LocationListing;
		};
/* End PBXContainerItemProxy section */

/* Begin PBXFileReference section */
		53A414129C5C4A5866015998 /* Pods-LocationListingTests.debug.xcconfig */ = {isa = PBXFileReference; includeInIndex = 1; lastKnownFileType = text.xcconfig; name = "Pods-LocationListingTests.debug.xcconfig"; path = "Target Support Files/Pods-LocationListingTests/Pods-LocationListingTests.debug.xcconfig"; sourceTree = "<group>"; };
		626B75A4A3D7CB7F0F555DC2 /* Pods_LocationListingTests.framework */ = {isa = PBXFileReference; explicitFileType = wrapper.framework; includeInIndex = 0; path = Pods_LocationListingTests.framework; sourceTree = BUILT_PRODUCTS_DIR; };
		6C14F114E41290AAF319CD73 /* Pods-LocationListing.debug.xcconfig */ = {isa = PBXFileReference; includeInIndex = 1; lastKnownFileType = text.xcconfig; name = "Pods-LocationListing.debug.xcconfig"; path = "Target Support Files/Pods-LocationListing/Pods-LocationListing.debug.xcconfig"; sourceTree = "<group>"; };
		868CD9FAF54319F06ED2B08B /* Pods_LocationListing_LocationListingUITests.framework */ = {isa = PBXFileReference; explicitFileType = wrapper.framework; includeInIndex = 0; path = Pods_LocationListing_LocationListingUITests.framework; sourceTree = BUILT_PRODUCTS_DIR; };
		AAFDD1380773A9817740AC41 /* Pods-LocationListingTests.release.xcconfig */ = {isa = PBXFileReference; includeInIndex = 1; lastKnownFileType = text.xcconfig; name = "Pods-LocationListingTests.release.xcconfig"; path = "Target Support Files/Pods-LocationListingTests/Pods-LocationListingTests.release.xcconfig"; sourceTree = "<group>"; };
		D16AFE84E808DC604BDBB0E3 /* Pods_LocationListing.framework */ = {isa = PBXFileReference; explicitFileType = wrapper.framework; includeInIndex = 0; path = Pods_LocationListing.framework; sourceTree = BUILT_PRODUCTS_DIR; };
		DF57E5E83C131BA9F33D1490 /* Pods-LocationListing-LocationListingUITests.release.xcconfig */ = {isa = PBXFileReference; includeInIndex = 1; lastKnownFileType = text.xcconfig; name = "Pods-LocationListing-LocationListingUITests.release.xcconfig"; path = "Target Support Files/Pods-LocationListing-LocationListingUITests/Pods-LocationListing-LocationListingUITests.release.xcconfig"; sourceTree = "<group>"; };
		E05426922644EA09008DAACE /* ObjectMapper+Realm.swift */ = {isa = PBXFileReference; lastKnownFileType = sourcecode.swift; path = "ObjectMapper+Realm.swift"; sourceTree = "<group>"; };
		E05426962644F8F9008DAACE /* RealmService.swift */ = {isa = PBXFileReference; lastKnownFileType = sourcecode.swift; path = RealmService.swift; sourceTree = "<group>"; };
		E054269826450673008DAACE /* APIService.swift */ = {isa = PBXFileReference; lastKnownFileType = sourcecode.swift; path = APIService.swift; sourceTree = "<group>"; };
		E054269A264506FF008DAACE /* DAPIService.swift */ = {isa = PBXFileReference; lastKnownFileType = sourcecode.swift; path = DAPIService.swift; sourceTree = "<group>"; };
		E054269F26453B61008DAACE /* StorageService.swift */ = {isa = PBXFileReference; lastKnownFileType = sourcecode.swift; path = StorageService.swift; sourceTree = "<group>"; };
		E05426A2264568D8008DAACE /* Toast.swift */ = {isa = PBXFileReference; lastKnownFileType = sourcecode.swift; path = Toast.swift; sourceTree = "<group>"; };
		E06EE96E26428BE60079D1DA /* LocationListing.app */ = {isa = PBXFileReference; explicitFileType = wrapper.application; includeInIndex = 0; path = LocationListing.app; sourceTree = BUILT_PRODUCTS_DIR; };
		E06EE97126428BE60079D1DA /* AppDelegate.swift */ = {isa = PBXFileReference; lastKnownFileType = sourcecode.swift; path = AppDelegate.swift; sourceTree = "<group>"; };
		E06EE97326428BE60079D1DA /* SceneDelegate.swift */ = {isa = PBXFileReference; lastKnownFileType = sourcecode.swift; path = SceneDelegate.swift; sourceTree = "<group>"; };
		E06EE97A26428BE70079D1DA /* Assets.xcassets */ = {isa = PBXFileReference; lastKnownFileType = folder.assetcatalog; path = Assets.xcassets; sourceTree = "<group>"; };
		E06EE97D26428BE70079D1DA /* Base */ = {isa = PBXFileReference; lastKnownFileType = file.storyboard; name = Base; path = Base.lproj/LaunchScreen.storyboard; sourceTree = "<group>"; };
		E06EE97F26428BE70079D1DA /* Info.plist */ = {isa = PBXFileReference; lastKnownFileType = text.plist.xml; path = Info.plist; sourceTree = "<group>"; };
		E06EE98426428BE70079D1DA /* LocationListingTests.xctest */ = {isa = PBXFileReference; explicitFileType = wrapper.cfbundle; includeInIndex = 0; path = LocationListingTests.xctest; sourceTree = BUILT_PRODUCTS_DIR; };
		E06EE98826428BE70079D1DA /* LocationListingTests.swift */ = {isa = PBXFileReference; lastKnownFileType = sourcecode.swift; path = LocationListingTests.swift; sourceTree = "<group>"; };
		E06EE98A26428BE70079D1DA /* Info.plist */ = {isa = PBXFileReference; lastKnownFileType = text.plist.xml; path = Info.plist; sourceTree = "<group>"; };
		E06EE98F26428BE70079D1DA /* LocationListingUITests.xctest */ = {isa = PBXFileReference; explicitFileType = wrapper.cfbundle; includeInIndex = 0; path = LocationListingUITests.xctest; sourceTree = BUILT_PRODUCTS_DIR; };
		E06EE99326428BE70079D1DA /* LocationListingUITests.swift */ = {isa = PBXFileReference; lastKnownFileType = sourcecode.swift; path = LocationListingUITests.swift; sourceTree = "<group>"; };
		E06EE99526428BE70079D1DA /* Info.plist */ = {isa = PBXFileReference; lastKnownFileType = text.plist.xml; path = Info.plist; sourceTree = "<group>"; };
		E06EE9A12642914A0079D1DA /* TabBarViewController.swift */ = {isa = PBXFileReference; lastKnownFileType = sourcecode.swift; path = TabBarViewController.swift; sourceTree = "<group>"; };
		E06EE9A32642921E0079D1DA /* PersonsListViewController.swift */ = {isa = PBXFileReference; lastKnownFileType = sourcecode.swift; path = PersonsListViewController.swift; sourceTree = "<group>"; };
		E06EE9A9264293000079D1DA /* MultiLocationMapViewController.swift */ = {isa = PBXFileReference; lastKnownFileType = sourcecode.swift; path = MultiLocationMapViewController.swift; sourceTree = "<group>"; };
		E06EE9AE26429A540079D1DA /* Colors.xcassets */ = {isa = PBXFileReference; lastKnownFileType = folder.assetcatalog; path = Colors.xcassets; sourceTree = "<group>"; };
		E06EE9B02642A3F20079D1DA /* PersonsListTableViewCell.swift */ = {isa = PBXFileReference; lastKnownFileType = sourcecode.swift; path = PersonsListTableViewCell.swift; sourceTree = "<group>"; };
		E06EE9B22642A4D10079D1DA /* PersonsListViewModel.swift */ = {isa = PBXFileReference; lastKnownFileType = sourcecode.swift; path = PersonsListViewModel.swift; sourceTree = "<group>"; };
		E06EE9B62642A6020079D1DA /* Person.swift */ = {isa = PBXFileReference; lastKnownFileType = sourcecode.swift; path = Person.swift; sourceTree = "<group>"; };
		E06EE9BA2642A6760079D1DA /* DAPI.swift */ = {isa = PBXFileReference; lastKnownFileType = sourcecode.swift; path = DAPI.swift; sourceTree = "<group>"; };
		E06EE9BD2642A9E30079D1DA /* PersonListSample.swift */ = {isa = PBXFileReference; lastKnownFileType = sourcecode.swift; path = PersonListSample.swift; sourceTree = "<group>"; };
		E06EE9BF2642AA200079D1DA /* MockData.swift */ = {isa = PBXFileReference; lastKnownFileType = sourcecode.swift; path = MockData.swift; sourceTree = "<group>"; };
		E06EE9C12642AC940079D1DA /* MoyaConfig.swift */ = {isa = PBXFileReference; lastKnownFileType = sourcecode.swift; path = MoyaConfig.swift; sourceTree = "<group>"; };
		E06EE9C42642B35E0079D1DA /* PersonName.swift */ = {isa = PBXFileReference; lastKnownFileType = sourcecode.swift; path = PersonName.swift; sourceTree = "<group>"; };
		E06EE9C72642B5030079D1DA /* LatLon.swift */ = {isa = PBXFileReference; lastKnownFileType = sourcecode.swift; path = LatLon.swift; sourceTree = "<group>"; };
		E0C67F132645814C00258E1D /* SingleLocationMapViewController.swift */ = {isa = PBXFileReference; lastKnownFileType = sourcecode.swift; path = SingleLocationMapViewController.swift; sourceTree = "<group>"; };
		E0C67F18264584D000258E1D /* CustomNavigationController.swift */ = {isa = PBXFileReference; lastKnownFileType = sourcecode.swift; path = CustomNavigationController.swift; sourceTree = "<group>"; };
		E948A7613857BAACC1E067BE /* Pods-LocationListing.release.xcconfig */ = {isa = PBXFileReference; includeInIndex = 1; lastKnownFileType = text.xcconfig; name = "Pods-LocationListing.release.xcconfig"; path = "Target Support Files/Pods-LocationListing/Pods-LocationListing.release.xcconfig"; sourceTree = "<group>"; };
		F9F3E6DB8C0BBBFC39FD377E /* Pods-LocationListing-LocationListingUITests.debug.xcconfig */ = {isa = PBXFileReference; includeInIndex = 1; lastKnownFileType = text.xcconfig; name = "Pods-LocationListing-LocationListingUITests.debug.xcconfig"; path = "Target Support Files/Pods-LocationListing-LocationListingUITests/Pods-LocationListing-LocationListingUITests.debug.xcconfig"; sourceTree = "<group>"; };
/* End PBXFileReference section */

/* Begin PBXFrameworksBuildPhase section */
		E06EE96B26428BE60079D1DA /* Frameworks */ = {
			isa = PBXFrameworksBuildPhase;
			buildActionMask = 2147483647;
			files = (
				E4CECEE5A089010B6853AE90 /* Pods_LocationListing.framework in Frameworks */,
			);
			runOnlyForDeploymentPostprocessing = 0;
		};
		E06EE98126428BE70079D1DA /* Frameworks */ = {
			isa = PBXFrameworksBuildPhase;
			buildActionMask = 2147483647;
			files = (
				6D4E8B404CC4EC16F427F2A2 /* Pods_LocationListingTests.framework in Frameworks */,
			);
			runOnlyForDeploymentPostprocessing = 0;
		};
		E06EE98C26428BE70079D1DA /* Frameworks */ = {
			isa = PBXFrameworksBuildPhase;
			buildActionMask = 2147483647;
			files = (
				D76818DFC426F8A6D8282F4A /* Pods_LocationListing_LocationListingUITests.framework in Frameworks */,
			);
			runOnlyForDeploymentPostprocessing = 0;
		};
/* End PBXFrameworksBuildPhase section */

/* Begin PBXGroup section */
		63CE117808FE285DA22ECF2B /* Pods */ = {
			isa = PBXGroup;
			children = (
				6C14F114E41290AAF319CD73 /* Pods-LocationListing.debug.xcconfig */,
				E948A7613857BAACC1E067BE /* Pods-LocationListing.release.xcconfig */,
				F9F3E6DB8C0BBBFC39FD377E /* Pods-LocationListing-LocationListingUITests.debug.xcconfig */,
				DF57E5E83C131BA9F33D1490 /* Pods-LocationListing-LocationListingUITests.release.xcconfig */,
				53A414129C5C4A5866015998 /* Pods-LocationListingTests.debug.xcconfig */,
				AAFDD1380773A9817740AC41 /* Pods-LocationListingTests.release.xcconfig */,
			);
			path = Pods;
			sourceTree = "<group>";
		};
		DB02B0CA63A44CE0F73EAA6B /* Frameworks */ = {
			isa = PBXGroup;
			children = (
				D16AFE84E808DC604BDBB0E3 /* Pods_LocationListing.framework */,
				868CD9FAF54319F06ED2B08B /* Pods_LocationListing_LocationListingUITests.framework */,
				626B75A4A3D7CB7F0F555DC2 /* Pods_LocationListingTests.framework */,
			);
			name = Frameworks;
			sourceTree = "<group>";
		};
		E05426912644E9F1008DAACE /* Helpers */ = {
			isa = PBXGroup;
			children = (
				E05426922644EA09008DAACE /* ObjectMapper+Realm.swift */,
			);
			path = Helpers;
			sourceTree = "<group>";
		};
		E05426952644F8E7008DAACE /* RealmService */ = {
			isa = PBXGroup;
			children = (
				E05426962644F8F9008DAACE /* RealmService.swift */,
			);
			path = RealmService;
			sourceTree = "<group>";
		};
		E054269C26450706008DAACE /* Moya */ = {
			isa = PBXGroup;
			children = (
				E06EE9C12642AC940079D1DA /* MoyaConfig.swift */,
				E054269D264514AA008DAACE /* APIConfigs */,
			);
			path = Moya;
			sourceTree = "<group>";
		};
		E054269D264514AA008DAACE /* APIConfigs */ = {
			isa = PBXGroup;
			children = (
				E06EE9BA2642A6760079D1DA /* DAPI.swift */,
			);
			path = APIConfigs;
			sourceTree = "<group>";
		};
		E054269E26453B41008DAACE /* StorageService */ = {
			isa = PBXGroup;
			children = (
				E054269F26453B61008DAACE /* StorageService.swift */,
				E05426952644F8E7008DAACE /* RealmService */,
			);
			path = StorageService;
			sourceTree = "<group>";
		};
		E05426A1264568A9008DAACE /* UI */ = {
			isa = PBXGroup;
			children = (
				E05426A2264568D8008DAACE /* Toast.swift */,
			);
			path = UI;
			sourceTree = "<group>";
		};
		E06EE96526428BE60079D1DA = {
			isa = PBXGroup;
			children = (
				E06EE97026428BE60079D1DA /* LocationListing */,
				E06EE98726428BE70079D1DA /* LocationListingTests */,
				E06EE99226428BE70079D1DA /* LocationListingUITests */,
				E06EE96F26428BE60079D1DA /* Products */,
				63CE117808FE285DA22ECF2B /* Pods */,
				DB02B0CA63A44CE0F73EAA6B /* Frameworks */,
			);
			sourceTree = "<group>";
		};
		E06EE96F26428BE60079D1DA /* Products */ = {
			isa = PBXGroup;
			children = (
				E06EE96E26428BE60079D1DA /* LocationListing.app */,
				E06EE98426428BE70079D1DA /* LocationListingTests.xctest */,
				E06EE98F26428BE70079D1DA /* LocationListingUITests.xctest */,
			);
			name = Products;
			sourceTree = "<group>";
		};
		E06EE97026428BE60079D1DA /* LocationListing */ = {
			isa = PBXGroup;
			children = (
				E05426A1264568A9008DAACE /* UI */,
				E05426912644E9F1008DAACE /* Helpers */,
				E06EE9A5264292220079D1DA /* Modules */,
				E06EE97126428BE60079D1DA /* AppDelegate.swift */,
				E06EE97326428BE60079D1DA /* SceneDelegate.swift */,
				E06EE97A26428BE70079D1DA /* Assets.xcassets */,
				E06EE9AE26429A540079D1DA /* Colors.xcassets */,
				E06EE97C26428BE70079D1DA /* LaunchScreen.storyboard */,
				E06EE97F26428BE70079D1DA /* Info.plist */,
				E06EE9B82642A6340079D1DA /* Services */,
			);
			path = LocationListing;
			sourceTree = "<group>";
		};
		E06EE98726428BE70079D1DA /* LocationListingTests */ = {
			isa = PBXGroup;
			children = (
				E06EE98826428BE70079D1DA /* LocationListingTests.swift */,
				E06EE98A26428BE70079D1DA /* Info.plist */,
			);
			path = LocationListingTests;
			sourceTree = "<group>";
		};
		E06EE99226428BE70079D1DA /* LocationListingUITests */ = {
			isa = PBXGroup;
			children = (
				E06EE99326428BE70079D1DA /* LocationListingUITests.swift */,
				E06EE99526428BE70079D1DA /* Info.plist */,
			);
			path = LocationListingUITests;
			sourceTree = "<group>";
		};
		E06EE9A5264292220079D1DA /* Modules */ = {
			isa = PBXGroup;
			children = (
				E0C67F152645849100258E1D /* Root */,
				E06EE9A6264292270079D1DA /* PersonsList */,
				E06EE9A7264292420079D1DA /* MultiLocationMap */,
			);
			path = Modules;
			sourceTree = "<group>";
		};
		E06EE9A6264292270079D1DA /* PersonsList */ = {
			isa = PBXGroup;
			children = (
				E06EE9A32642921E0079D1DA /* PersonsListViewController.swift */,
				E06EE9B02642A3F20079D1DA /* PersonsListTableViewCell.swift */,
				E06EE9B22642A4D10079D1DA /* PersonsListViewModel.swift */,
				E06EE9A8264292D60079D1DA /* SingleLocationMap */,
			);
			path = PersonsList;
			sourceTree = "<group>";
		};
		E06EE9A7264292420079D1DA /* MultiLocationMap */ = {
			isa = PBXGroup;
			children = (
				E06EE9A9264293000079D1DA /* MultiLocationMapViewController.swift */,
			);
			path = MultiLocationMap;
			sourceTree = "<group>";
		};
		E06EE9A8264292D60079D1DA /* SingleLocationMap */ = {
			isa = PBXGroup;
			children = (
				E0C67F132645814C00258E1D /* SingleLocationMapViewController.swift */,
			);
			path = SingleLocationMap;
			sourceTree = "<group>";
		};
		E06EE9B52642A5F70079D1DA /* Model */ = {
			isa = PBXGroup;
			children = (
				E06EE9C62642B4A70079D1DA /* Person */,
			);
			path = Model;
			sourceTree = "<group>";
		};
		E06EE9B82642A6340079D1DA /* Services */ = {
			isa = PBXGroup;
			children = (
				E054269E26453B41008DAACE /* StorageService */,
				E06EE9B92642A63D0079D1DA /* NetworkService */,
			);
			path = Services;
			sourceTree = "<group>";
		};
		E06EE9B92642A63D0079D1DA /* NetworkService */ = {
			isa = PBXGroup;
			children = (
				E054269826450673008DAACE /* APIService.swift */,
				E054269A264506FF008DAACE /* DAPIService.swift */,
				E054269C26450706008DAACE /* Moya */,
				E06EE9B52642A5F70079D1DA /* Model */,
				E06EE9BC2642A9C90079D1DA /* MockData */,
			);
			path = NetworkService;
			sourceTree = "<group>";
		};
		E06EE9BC2642A9C90079D1DA /* MockData */ = {
			isa = PBXGroup;
			children = (
				E06EE9BF2642AA200079D1DA /* MockData.swift */,
				E06EE9BD2642A9E30079D1DA /* PersonListSample.swift */,
			);
			path = MockData;
			sourceTree = "<group>";
		};
		E06EE9C62642B4A70079D1DA /* Person */ = {
			isa = PBXGroup;
			children = (
				E06EE9B62642A6020079D1DA /* Person.swift */,
				E06EE9C42642B35E0079D1DA /* PersonName.swift */,
				E06EE9C72642B5030079D1DA /* LatLon.swift */,
			);
			path = Person;
			sourceTree = "<group>";
		};
		E0C67F152645849100258E1D /* Root */ = {
			isa = PBXGroup;
			children = (
				E06EE9A12642914A0079D1DA /* TabBarViewController.swift */,
				E0C67F18264584D000258E1D /* CustomNavigationController.swift */,
			);
			path = Root;
			sourceTree = "<group>";
		};
/* End PBXGroup section */

/* Begin PBXNativeTarget section */
		E06EE96D26428BE60079D1DA /* LocationListing */ = {
			isa = PBXNativeTarget;
			buildConfigurationList = E06EE99826428BE70079D1DA /* Build configuration list for PBXNativeTarget "LocationListing" */;
			buildPhases = (
				DFDCF57DB073704FB885ED70 /* [CP] Check Pods Manifest.lock */,
				E06EE96A26428BE60079D1DA /* Sources */,
				E06EE9B42642A59B0079D1DA /* SwiftLint */,
				E06EE96B26428BE60079D1DA /* Frameworks */,
				E06EE96C26428BE60079D1DA /* Resources */,
				AED1EE348E501F38E9ADFF07 /* [CP] Embed Pods Frameworks */,
				8911AE7993A45EE688FB3734 /* [CP] Copy Pods Resources */,
			);
			buildRules = (
			);
			dependencies = (
			);
			name = LocationListing;
			productName = LocationListing;
			productReference = E06EE96E26428BE60079D1DA /* LocationListing.app */;
			productType = "com.apple.product-type.application";
		};
		E06EE98326428BE70079D1DA /* LocationListingTests */ = {
			isa = PBXNativeTarget;
			buildConfigurationList = E06EE99B26428BE70079D1DA /* Build configuration list for PBXNativeTarget "LocationListingTests" */;
			buildPhases = (
				C877424547A29F018A2D86B0 /* [CP] Check Pods Manifest.lock */,
				E06EE98026428BE70079D1DA /* Sources */,
				E06EE98126428BE70079D1DA /* Frameworks */,
				E06EE98226428BE70079D1DA /* Resources */,
			);
			buildRules = (
			);
			dependencies = (
				E06EE98626428BE70079D1DA /* PBXTargetDependency */,
			);
			name = LocationListingTests;
			productName = LocationListingTests;
			productReference = E06EE98426428BE70079D1DA /* LocationListingTests.xctest */;
			productType = "com.apple.product-type.bundle.unit-test";
		};
		E06EE98E26428BE70079D1DA /* LocationListingUITests */ = {
			isa = PBXNativeTarget;
			buildConfigurationList = E06EE99E26428BE70079D1DA /* Build configuration list for PBXNativeTarget "LocationListingUITests" */;
			buildPhases = (
				241656CEDF3118710E4E5914 /* [CP] Check Pods Manifest.lock */,
				E06EE98B26428BE70079D1DA /* Sources */,
				E06EE98C26428BE70079D1DA /* Frameworks */,
				E06EE98D26428BE70079D1DA /* Resources */,
				20D0FB55B37F35BCFCD9FA25 /* [CP] Embed Pods Frameworks */,
				A7A77D70A52A56BC226BB6AF /* [CP] Copy Pods Resources */,
			);
			buildRules = (
			);
			dependencies = (
				E06EE99126428BE70079D1DA /* PBXTargetDependency */,
			);
			name = LocationListingUITests;
			productName = LocationListingUITests;
			productReference = E06EE98F26428BE70079D1DA /* LocationListingUITests.xctest */;
			productType = "com.apple.product-type.bundle.ui-testing";
		};
/* End PBXNativeTarget section */

/* Begin PBXProject section */
		E06EE96626428BE60079D1DA /* Project object */ = {
			isa = PBXProject;
			attributes = {
				LastSwiftUpdateCheck = 1250;
				LastUpgradeCheck = 1250;
				TargetAttributes = {
					E06EE96D26428BE60079D1DA = {
						CreatedOnToolsVersion = 12.5;
					};
					E06EE98326428BE70079D1DA = {
						CreatedOnToolsVersion = 12.5;
						TestTargetID = E06EE96D26428BE60079D1DA;
					};
					E06EE98E26428BE70079D1DA = {
						CreatedOnToolsVersion = 12.5;
						TestTargetID = E06EE96D26428BE60079D1DA;
					};
				};
			};
			buildConfigurationList = E06EE96926428BE60079D1DA /* Build configuration list for PBXProject "LocationListing" */;
			compatibilityVersion = "Xcode 9.3";
			developmentRegion = en;
			hasScannedForEncodings = 0;
			knownRegions = (
				en,
				Base,
			);
			mainGroup = E06EE96526428BE60079D1DA;
			productRefGroup = E06EE96F26428BE60079D1DA /* Products */;
			projectDirPath = "";
			projectRoot = "";
			targets = (
				E06EE96D26428BE60079D1DA /* LocationListing */,
				E06EE98326428BE70079D1DA /* LocationListingTests */,
				E06EE98E26428BE70079D1DA /* LocationListingUITests */,
			);
		};
/* End PBXProject section */

/* Begin PBXResourcesBuildPhase section */
		E06EE96C26428BE60079D1DA /* Resources */ = {
			isa = PBXResourcesBuildPhase;
			buildActionMask = 2147483647;
			files = (
				E06EE9AF26429A540079D1DA /* Colors.xcassets in Resources */,
				E06EE97E26428BE70079D1DA /* LaunchScreen.storyboard in Resources */,
				E06EE97B26428BE70079D1DA /* Assets.xcassets in Resources */,
			);
			runOnlyForDeploymentPostprocessing = 0;
		};
		E06EE98226428BE70079D1DA /* Resources */ = {
			isa = PBXResourcesBuildPhase;
			buildActionMask = 2147483647;
			files = (
			);
			runOnlyForDeploymentPostprocessing = 0;
		};
		E06EE98D26428BE70079D1DA /* Resources */ = {
			isa = PBXResourcesBuildPhase;
			buildActionMask = 2147483647;
			files = (
			);
			runOnlyForDeploymentPostprocessing = 0;
		};
/* End PBXResourcesBuildPhase section */

/* Begin PBXShellScriptBuildPhase section */
		20D0FB55B37F35BCFCD9FA25 /* [CP] Embed Pods Frameworks */ = {
			isa = PBXShellScriptBuildPhase;
			buildActionMask = 2147483647;
			files = (
			);
			inputFileListPaths = (
				"${PODS_ROOT}/Target Support Files/Pods-LocationListing-LocationListingUITests/Pods-LocationListing-LocationListingUITests-frameworks-${CONFIGURATION}-input-files.xcfilelist",
			);
			name = "[CP] Embed Pods Frameworks";
			outputFileListPaths = (
				"${PODS_ROOT}/Target Support Files/Pods-LocationListing-LocationListingUITests/Pods-LocationListing-LocationListingUITests-frameworks-${CONFIGURATION}-output-files.xcfilelist",
			);
			runOnlyForDeploymentPostprocessing = 0;
			shellPath = /bin/sh;
			shellScript = "\"${PODS_ROOT}/Target Support Files/Pods-LocationListing-LocationListingUITests/Pods-LocationListing-LocationListingUITests-frameworks.sh\"\n";
			showEnvVarsInLog = 0;
		};
		241656CEDF3118710E4E5914 /* [CP] Check Pods Manifest.lock */ = {
			isa = PBXShellScriptBuildPhase;
			buildActionMask = 2147483647;
			files = (
			);
			inputFileListPaths = (
			);
			inputPaths = (
				"${PODS_PODFILE_DIR_PATH}/Podfile.lock",
				"${PODS_ROOT}/Manifest.lock",
			);
			name = "[CP] Check Pods Manifest.lock";
			outputFileListPaths = (
			);
			outputPaths = (
				"$(DERIVED_FILE_DIR)/Pods-LocationListing-LocationListingUITests-checkManifestLockResult.txt",
			);
			runOnlyForDeploymentPostprocessing = 0;
			shellPath = /bin/sh;
			shellScript = "diff \"${PODS_PODFILE_DIR_PATH}/Podfile.lock\" \"${PODS_ROOT}/Manifest.lock\" > /dev/null\nif [ $? != 0 ] ; then\n    # print error to STDERR\n    echo \"error: The sandbox is not in sync with the Podfile.lock. Run 'pod install' or update your CocoaPods installation.\" >&2\n    exit 1\nfi\n# This output is used by Xcode 'outputs' to avoid re-running this script phase.\necho \"SUCCESS\" > \"${SCRIPT_OUTPUT_FILE_0}\"\n";
			showEnvVarsInLog = 0;
		};
		8911AE7993A45EE688FB3734 /* [CP] Copy Pods Resources */ = {
			isa = PBXShellScriptBuildPhase;
			buildActionMask = 2147483647;
			files = (
			);
			inputFileListPaths = (
				"${PODS_ROOT}/Target Support Files/Pods-LocationListing/Pods-LocationListing-resources-${CONFIGURATION}-input-files.xcfilelist",
			);
			name = "[CP] Copy Pods Resources";
			outputFileListPaths = (
				"${PODS_ROOT}/Target Support Files/Pods-LocationListing/Pods-LocationListing-resources-${CONFIGURATION}-output-files.xcfilelist",
			);
			runOnlyForDeploymentPostprocessing = 0;
			shellPath = /bin/sh;
			shellScript = "\"${PODS_ROOT}/Target Support Files/Pods-LocationListing/Pods-LocationListing-resources.sh\"\n";
			showEnvVarsInLog = 0;
		};
		A7A77D70A52A56BC226BB6AF /* [CP] Copy Pods Resources */ = {
			isa = PBXShellScriptBuildPhase;
			buildActionMask = 2147483647;
			files = (
			);
			inputFileListPaths = (
				"${PODS_ROOT}/Target Support Files/Pods-LocationListing-LocationListingUITests/Pods-LocationListing-LocationListingUITests-resources-${CONFIGURATION}-input-files.xcfilelist",
			);
			name = "[CP] Copy Pods Resources";
			outputFileListPaths = (
				"${PODS_ROOT}/Target Support Files/Pods-LocationListing-LocationListingUITests/Pods-LocationListing-LocationListingUITests-resources-${CONFIGURATION}-output-files.xcfilelist",
			);
			runOnlyForDeploymentPostprocessing = 0;
			shellPath = /bin/sh;
			shellScript = "\"${PODS_ROOT}/Target Support Files/Pods-LocationListing-LocationListingUITests/Pods-LocationListing-LocationListingUITests-resources.sh\"\n";
			showEnvVarsInLog = 0;
		};
		AED1EE348E501F38E9ADFF07 /* [CP] Embed Pods Frameworks */ = {
			isa = PBXShellScriptBuildPhase;
			buildActionMask = 2147483647;
			files = (
			);
			inputFileListPaths = (
				"${PODS_ROOT}/Target Support Files/Pods-LocationListing/Pods-LocationListing-frameworks-${CONFIGURATION}-input-files.xcfilelist",
			);
			name = "[CP] Embed Pods Frameworks";
			outputFileListPaths = (
				"${PODS_ROOT}/Target Support Files/Pods-LocationListing/Pods-LocationListing-frameworks-${CONFIGURATION}-output-files.xcfilelist",
			);
			runOnlyForDeploymentPostprocessing = 0;
			shellPath = /bin/sh;
			shellScript = "\"${PODS_ROOT}/Target Support Files/Pods-LocationListing/Pods-LocationListing-frameworks.sh\"\n";
			showEnvVarsInLog = 0;
		};
		C877424547A29F018A2D86B0 /* [CP] Check Pods Manifest.lock */ = {
			isa = PBXShellScriptBuildPhase;
			buildActionMask = 2147483647;
			files = (
			);
			inputFileListPaths = (
			);
			inputPaths = (
				"${PODS_PODFILE_DIR_PATH}/Podfile.lock",
				"${PODS_ROOT}/Manifest.lock",
			);
			name = "[CP] Check Pods Manifest.lock";
			outputFileListPaths = (
			);
			outputPaths = (
				"$(DERIVED_FILE_DIR)/Pods-LocationListingTests-checkManifestLockResult.txt",
			);
			runOnlyForDeploymentPostprocessing = 0;
			shellPath = /bin/sh;
			shellScript = "diff \"${PODS_PODFILE_DIR_PATH}/Podfile.lock\" \"${PODS_ROOT}/Manifest.lock\" > /dev/null\nif [ $? != 0 ] ; then\n    # print error to STDERR\n    echo \"error: The sandbox is not in sync with the Podfile.lock. Run 'pod install' or update your CocoaPods installation.\" >&2\n    exit 1\nfi\n# This output is used by Xcode 'outputs' to avoid re-running this script phase.\necho \"SUCCESS\" > \"${SCRIPT_OUTPUT_FILE_0}\"\n";
			showEnvVarsInLog = 0;
		};
		DFDCF57DB073704FB885ED70 /* [CP] Check Pods Manifest.lock */ = {
			isa = PBXShellScriptBuildPhase;
			buildActionMask = 2147483647;
			files = (
			);
			inputFileListPaths = (
			);
			inputPaths = (
				"${PODS_PODFILE_DIR_PATH}/Podfile.lock",
				"${PODS_ROOT}/Manifest.lock",
			);
			name = "[CP] Check Pods Manifest.lock";
			outputFileListPaths = (
			);
			outputPaths = (
				"$(DERIVED_FILE_DIR)/Pods-LocationListing-checkManifestLockResult.txt",
			);
			runOnlyForDeploymentPostprocessing = 0;
			shellPath = /bin/sh;
			shellScript = "diff \"${PODS_PODFILE_DIR_PATH}/Podfile.lock\" \"${PODS_ROOT}/Manifest.lock\" > /dev/null\nif [ $? != 0 ] ; then\n    # print error to STDERR\n    echo \"error: The sandbox is not in sync with the Podfile.lock. Run 'pod install' or update your CocoaPods installation.\" >&2\n    exit 1\nfi\n# This output is used by Xcode 'outputs' to avoid re-running this script phase.\necho \"SUCCESS\" > \"${SCRIPT_OUTPUT_FILE_0}\"\n";
			showEnvVarsInLog = 0;
		};
		E06EE9B42642A59B0079D1DA /* SwiftLint */ = {
			isa = PBXShellScriptBuildPhase;
			buildActionMask = 2147483647;
			files = (
			);
			inputFileListPaths = (
			);
			inputPaths = (
			);
			name = SwiftLint;
			outputFileListPaths = (
			);
			outputPaths = (
			);
			runOnlyForDeploymentPostprocessing = 0;
			shellPath = /bin/sh;
			shellScript = "if which swiftlint >/dev/null; then\n \"${PODS_ROOT}/SwiftLint/swiftlint\" && \"${PODS_ROOT}/SwiftLint/swiftlint\" autocorrect\nelse\n  echo \"warning: SwiftLint not installed, download from https://github.com/realm/SwiftLint\"\nfi\n";
		};
/* End PBXShellScriptBuildPhase section */

/* Begin PBXSourcesBuildPhase section */
		E06EE96A26428BE60079D1DA /* Sources */ = {
			isa = PBXSourcesBuildPhase;
			buildActionMask = 2147483647;
			files = (
				E0C67F19264584D000258E1D /* CustomNavigationController.swift in Sources */,
				E054269926450673008DAACE /* APIService.swift in Sources */,
				E06EE9C82642B5030079D1DA /* LatLon.swift in Sources */,
				E06EE9C22642AC940079D1DA /* MoyaConfig.swift in Sources */,
				E054269B264506FF008DAACE /* DAPIService.swift in Sources */,
				E06EE9C52642B35E0079D1DA /* PersonName.swift in Sources */,
				E05426A026453B61008DAACE /* StorageService.swift in Sources */,
				E06EE9AA264293000079D1DA /* MultiLocationMapViewController.swift in Sources */,
				E06EE9B12642A3F20079D1DA /* PersonsListTableViewCell.swift in Sources */,
				E06EE9BE2642A9E30079D1DA /* PersonListSample.swift in Sources */,
				E06EE9A22642914A0079D1DA /* TabBarViewController.swift in Sources */,
				E06EE9BB2642A6760079D1DA /* DAPI.swift in Sources */,
				E06EE9B32642A4D10079D1DA /* PersonsListViewModel.swift in Sources */,
				E06EE9A42642921E0079D1DA /* PersonsListViewController.swift in Sources */,
				E05426932644EA09008DAACE /* ObjectMapper+Realm.swift in Sources */,
				E0C67F142645814C00258E1D /* SingleLocationMapViewController.swift in Sources */,
				E06EE97226428BE60079D1DA /* AppDelegate.swift in Sources */,
				E06EE9B72642A6020079D1DA /* Person.swift in Sources */,
				E06EE9C02642AA200079D1DA /* MockData.swift in Sources */,
				E05426A3264568D8008DAACE /* Toast.swift in Sources */,
				E06EE97426428BE60079D1DA /* SceneDelegate.swift in Sources */,
				E05426972644F8F9008DAACE /* RealmService.swift in Sources */,
			);
			runOnlyForDeploymentPostprocessing = 0;
		};
		E06EE98026428BE70079D1DA /* Sources */ = {
			isa = PBXSourcesBuildPhase;
			buildActionMask = 2147483647;
			files = (
				E06EE98926428BE70079D1DA /* LocationListingTests.swift in Sources */,
			);
			runOnlyForDeploymentPostprocessing = 0;
		};
		E06EE98B26428BE70079D1DA /* Sources */ = {
			isa = PBXSourcesBuildPhase;
			buildActionMask = 2147483647;
			files = (
				E06EE99426428BE70079D1DA /* LocationListingUITests.swift in Sources */,
			);
			runOnlyForDeploymentPostprocessing = 0;
		};
/* End PBXSourcesBuildPhase section */

/* Begin PBXTargetDependency section */
		E06EE98626428BE70079D1DA /* PBXTargetDependency */ = {
			isa = PBXTargetDependency;
			target = E06EE96D26428BE60079D1DA /* LocationListing */;
			targetProxy = E06EE98526428BE70079D1DA /* PBXContainerItemProxy */;
		};
		E06EE99126428BE70079D1DA /* PBXTargetDependency */ = {
			isa = PBXTargetDependency;
			target = E06EE96D26428BE60079D1DA /* LocationListing */;
			targetProxy = E06EE99026428BE70079D1DA /* PBXContainerItemProxy */;
		};
/* End PBXTargetDependency section */

/* Begin PBXVariantGroup section */
		E06EE97C26428BE70079D1DA /* LaunchScreen.storyboard */ = {
			isa = PBXVariantGroup;
			children = (
				E06EE97D26428BE70079D1DA /* Base */,
			);
			name = LaunchScreen.storyboard;
			sourceTree = "<group>";
		};
/* End PBXVariantGroup section */

/* Begin XCBuildConfiguration section */
		E06EE99626428BE70079D1DA /* Debug */ = {
			isa = XCBuildConfiguration;
			buildSettings = {
				ALWAYS_SEARCH_USER_PATHS = NO;
				CLANG_ANALYZER_NONNULL = YES;
				CLANG_ANALYZER_NUMBER_OBJECT_CONVERSION = YES_AGGRESSIVE;
				CLANG_CXX_LANGUAGE_STANDARD = "gnu++14";
				CLANG_CXX_LIBRARY = "libc++";
				CLANG_ENABLE_MODULES = YES;
				CLANG_ENABLE_OBJC_ARC = YES;
				CLANG_ENABLE_OBJC_WEAK = YES;
				CLANG_WARN_BLOCK_CAPTURE_AUTORELEASING = YES;
				CLANG_WARN_BOOL_CONVERSION = YES;
				CLANG_WARN_COMMA = YES;
				CLANG_WARN_CONSTANT_CONVERSION = YES;
				CLANG_WARN_DEPRECATED_OBJC_IMPLEMENTATIONS = YES;
				CLANG_WARN_DIRECT_OBJC_ISA_USAGE = YES_ERROR;
				CLANG_WARN_DOCUMENTATION_COMMENTS = YES;
				CLANG_WARN_EMPTY_BODY = YES;
				CLANG_WARN_ENUM_CONVERSION = YES;
				CLANG_WARN_INFINITE_RECURSION = YES;
				CLANG_WARN_INT_CONVERSION = YES;
				CLANG_WARN_NON_LITERAL_NULL_CONVERSION = YES;
				CLANG_WARN_OBJC_IMPLICIT_RETAIN_SELF = YES;
				CLANG_WARN_OBJC_LITERAL_CONVERSION = YES;
				CLANG_WARN_OBJC_ROOT_CLASS = YES_ERROR;
				CLANG_WARN_QUOTED_INCLUDE_IN_FRAMEWORK_HEADER = YES;
				CLANG_WARN_RANGE_LOOP_ANALYSIS = YES;
				CLANG_WARN_STRICT_PROTOTYPES = YES;
				CLANG_WARN_SUSPICIOUS_MOVE = YES;
				CLANG_WARN_UNGUARDED_AVAILABILITY = YES_AGGRESSIVE;
				CLANG_WARN_UNREACHABLE_CODE = YES;
				CLANG_WARN__DUPLICATE_METHOD_MATCH = YES;
				COPY_PHASE_STRIP = NO;
				DEBUG_INFORMATION_FORMAT = dwarf;
				ENABLE_STRICT_OBJC_MSGSEND = YES;
				ENABLE_TESTABILITY = YES;
				GCC_C_LANGUAGE_STANDARD = gnu11;
				GCC_DYNAMIC_NO_PIC = NO;
				GCC_NO_COMMON_BLOCKS = YES;
				GCC_OPTIMIZATION_LEVEL = 0;
				GCC_PREPROCESSOR_DEFINITIONS = (
					"DEBUG=1",
					"$(inherited)",
				);
				GCC_WARN_64_TO_32_BIT_CONVERSION = YES;
				GCC_WARN_ABOUT_RETURN_TYPE = YES_ERROR;
				GCC_WARN_UNDECLARED_SELECTOR = YES;
				GCC_WARN_UNINITIALIZED_AUTOS = YES_AGGRESSIVE;
				GCC_WARN_UNUSED_FUNCTION = YES;
				GCC_WARN_UNUSED_VARIABLE = YES;
				IPHONEOS_DEPLOYMENT_TARGET = 14.5;
				MTL_ENABLE_DEBUG_INFO = INCLUDE_SOURCE;
				MTL_FAST_MATH = YES;
				ONLY_ACTIVE_ARCH = YES;
				SDKROOT = iphoneos;
				SWIFT_ACTIVE_COMPILATION_CONDITIONS = DEBUG;
				SWIFT_OPTIMIZATION_LEVEL = "-Onone";
			};
			name = Debug;
		};
		E06EE99726428BE70079D1DA /* Release */ = {
			isa = XCBuildConfiguration;
			buildSettings = {
				ALWAYS_SEARCH_USER_PATHS = NO;
				CLANG_ANALYZER_NONNULL = YES;
				CLANG_ANALYZER_NUMBER_OBJECT_CONVERSION = YES_AGGRESSIVE;
				CLANG_CXX_LANGUAGE_STANDARD = "gnu++14";
				CLANG_CXX_LIBRARY = "libc++";
				CLANG_ENABLE_MODULES = YES;
				CLANG_ENABLE_OBJC_ARC = YES;
				CLANG_ENABLE_OBJC_WEAK = YES;
				CLANG_WARN_BLOCK_CAPTURE_AUTORELEASING = YES;
				CLANG_WARN_BOOL_CONVERSION = YES;
				CLANG_WARN_COMMA = YES;
				CLANG_WARN_CONSTANT_CONVERSION = YES;
				CLANG_WARN_DEPRECATED_OBJC_IMPLEMENTATIONS = YES;
				CLANG_WARN_DIRECT_OBJC_ISA_USAGE = YES_ERROR;
				CLANG_WARN_DOCUMENTATION_COMMENTS = YES;
				CLANG_WARN_EMPTY_BODY = YES;
				CLANG_WARN_ENUM_CONVERSION = YES;
				CLANG_WARN_INFINITE_RECURSION = YES;
				CLANG_WARN_INT_CONVERSION = YES;
				CLANG_WARN_NON_LITERAL_NULL_CONVERSION = YES;
				CLANG_WARN_OBJC_IMPLICIT_RETAIN_SELF = YES;
				CLANG_WARN_OBJC_LITERAL_CONVERSION = YES;
				CLANG_WARN_OBJC_ROOT_CLASS = YES_ERROR;
				CLANG_WARN_QUOTED_INCLUDE_IN_FRAMEWORK_HEADER = YES;
				CLANG_WARN_RANGE_LOOP_ANALYSIS = YES;
				CLANG_WARN_STRICT_PROTOTYPES = YES;
				CLANG_WARN_SUSPICIOUS_MOVE = YES;
				CLANG_WARN_UNGUARDED_AVAILABILITY = YES_AGGRESSIVE;
				CLANG_WARN_UNREACHABLE_CODE = YES;
				CLANG_WARN__DUPLICATE_METHOD_MATCH = YES;
				COPY_PHASE_STRIP = NO;
				DEBUG_INFORMATION_FORMAT = "dwarf-with-dsym";
				ENABLE_NS_ASSERTIONS = NO;
				ENABLE_STRICT_OBJC_MSGSEND = YES;
				GCC_C_LANGUAGE_STANDARD = gnu11;
				GCC_NO_COMMON_BLOCKS = YES;
				GCC_WARN_64_TO_32_BIT_CONVERSION = YES;
				GCC_WARN_ABOUT_RETURN_TYPE = YES_ERROR;
				GCC_WARN_UNDECLARED_SELECTOR = YES;
				GCC_WARN_UNINITIALIZED_AUTOS = YES_AGGRESSIVE;
				GCC_WARN_UNUSED_FUNCTION = YES;
				GCC_WARN_UNUSED_VARIABLE = YES;
				IPHONEOS_DEPLOYMENT_TARGET = 14.5;
				MTL_ENABLE_DEBUG_INFO = NO;
				MTL_FAST_MATH = YES;
				SDKROOT = iphoneos;
				SWIFT_COMPILATION_MODE = wholemodule;
				SWIFT_OPTIMIZATION_LEVEL = "-O";
				VALIDATE_PRODUCT = YES;
			};
			name = Release;
		};
		E06EE99926428BE70079D1DA /* Debug */ = {
			isa = XCBuildConfiguration;
			baseConfigurationReference = 6C14F114E41290AAF319CD73 /* Pods-LocationListing.debug.xcconfig */;
			buildSettings = {
				ASSETCATALOG_COMPILER_APPICON_NAME = AppIcon;
				ASSETCATALOG_COMPILER_GLOBAL_ACCENT_COLOR_NAME = AccentColor;
				CODE_SIGN_STYLE = Automatic;
				INFOPLIST_FILE = LocationListing/Info.plist;
				LD_RUNPATH_SEARCH_PATHS = (
					"$(inherited)",
					"@executable_path/Frameworks",
				);
				PRODUCT_BUNDLE_IDENTIFIER = com.billychan.LocationListing;
				PRODUCT_NAME = "$(TARGET_NAME)";
				SWIFT_VERSION = 5.0;
				TARGETED_DEVICE_FAMILY = "1,2";
			};
			name = Debug;
		};
		E06EE99A26428BE70079D1DA /* Release */ = {
			isa = XCBuildConfiguration;
			baseConfigurationReference = E948A7613857BAACC1E067BE /* Pods-LocationListing.release.xcconfig */;
			buildSettings = {
				ASSETCATALOG_COMPILER_APPICON_NAME = AppIcon;
				ASSETCATALOG_COMPILER_GLOBAL_ACCENT_COLOR_NAME = AccentColor;
				CODE_SIGN_STYLE = Automatic;
				INFOPLIST_FILE = LocationListing/Info.plist;
				LD_RUNPATH_SEARCH_PATHS = (
					"$(inherited)",
					"@executable_path/Frameworks",
				);
				PRODUCT_BUNDLE_IDENTIFIER = com.billychan.LocationListing;
				PRODUCT_NAME = "$(TARGET_NAME)";
				SWIFT_VERSION = 5.0;
				TARGETED_DEVICE_FAMILY = "1,2";
			};
			name = Release;
		};
		E06EE99C26428BE70079D1DA /* Debug */ = {
			isa = XCBuildConfiguration;
			baseConfigurationReference = 53A414129C5C4A5866015998 /* Pods-LocationListingTests.debug.xcconfig */;
			buildSettings = {
				ALWAYS_EMBED_SWIFT_STANDARD_LIBRARIES = YES;
				BUNDLE_LOADER = "$(TEST_HOST)";
				"CODE_SIGN_IDENTITY[sdk=macosx*]" = "-";
				CODE_SIGN_STYLE = Automatic;
				INFOPLIST_FILE = LocationListingTests/Info.plist;
				IPHONEOS_DEPLOYMENT_TARGET = 14.5;
				LD_RUNPATH_SEARCH_PATHS = (
					"$(inherited)",
					"@executable_path/Frameworks",
					"@loader_path/Frameworks",
				);
				PRODUCT_BUNDLE_IDENTIFIER = com.billychan.LocationListingTests;
				PRODUCT_NAME = "$(TARGET_NAME)";
				SWIFT_VERSION = 5.0;
				TARGETED_DEVICE_FAMILY = "1,2";
				TEST_HOST = "$(BUILT_PRODUCTS_DIR)/LocationListing.app/LocationListing";
			};
			name = Debug;
		};
		E06EE99D26428BE70079D1DA /* Release */ = {
			isa = XCBuildConfiguration;
			baseConfigurationReference = AAFDD1380773A9817740AC41 /* Pods-LocationListingTests.release.xcconfig */;
			buildSettings = {
				ALWAYS_EMBED_SWIFT_STANDARD_LIBRARIES = YES;
				BUNDLE_LOADER = "$(TEST_HOST)";
				"CODE_SIGN_IDENTITY[sdk=macosx*]" = "-";
				CODE_SIGN_STYLE = Automatic;
				INFOPLIST_FILE = LocationListingTests/Info.plist;
				IPHONEOS_DEPLOYMENT_TARGET = 14.5;
				LD_RUNPATH_SEARCH_PATHS = (
					"$(inherited)",
					"@executable_path/Frameworks",
					"@loader_path/Frameworks",
				);
				PRODUCT_BUNDLE_IDENTIFIER = com.billychan.LocationListingTests;
				PRODUCT_NAME = "$(TARGET_NAME)";
				SWIFT_VERSION = 5.0;
				TARGETED_DEVICE_FAMILY = "1,2";
				TEST_HOST = "$(BUILT_PRODUCTS_DIR)/LocationListing.app/LocationListing";
			};
			name = Release;
		};
		E06EE99F26428BE70079D1DA /* Debug */ = {
			isa = XCBuildConfiguration;
			baseConfigurationReference = F9F3E6DB8C0BBBFC39FD377E /* Pods-LocationListing-LocationListingUITests.debug.xcconfig */;
			buildSettings = {
				ALWAYS_EMBED_SWIFT_STANDARD_LIBRARIES = YES;
				CODE_SIGN_IDENTITY = "Apple Development";
				"CODE_SIGN_IDENTITY[sdk=macosx*]" = "Apple Development";
				CODE_SIGN_STYLE = Automatic;
				DEVELOPMENT_TEAM = "";
				INFOPLIST_FILE = LocationListingUITests/Info.plist;
				LD_RUNPATH_SEARCH_PATHS = (
					"$(inherited)",
					"@executable_path/Frameworks",
					"@loader_path/Frameworks",
				);
				PRODUCT_BUNDLE_IDENTIFIER = com.billychan.LocationListingUITests;
				PRODUCT_NAME = "$(TARGET_NAME)";
				PROVISIONING_PROFILE_SPECIFIER = "";
				"PROVISIONING_PROFILE_SPECIFIER[sdk=macosx*]" = "";
				SWIFT_VERSION = 5.0;
				TARGETED_DEVICE_FAMILY = "1,2";
				TEST_TARGET_NAME = LocationListing;
			};
			name = Debug;
		};
		E06EE9A026428BE70079D1DA /* Release */ = {
			isa = XCBuildConfiguration;
			baseConfigurationReference = DF57E5E83C131BA9F33D1490 /* Pods-LocationListing-LocationListingUITests.release.xcconfig */;
			buildSettings = {
				ALWAYS_EMBED_SWIFT_STANDARD_LIBRARIES = YES;
				CODE_SIGN_IDENTITY = "Apple Development";
				"CODE_SIGN_IDENTITY[sdk=macosx*]" = "Apple Development";
				CODE_SIGN_STYLE = Automatic;
				DEVELOPMENT_TEAM = "";
				INFOPLIST_FILE = LocationListingUITests/Info.plist;
				LD_RUNPATH_SEARCH_PATHS = (
					"$(inherited)",
					"@executable_path/Frameworks",
					"@loader_path/Frameworks",
				);
				PRODUCT_BUNDLE_IDENTIFIER = com.billychan.LocationListingUITests;
				PRODUCT_NAME = "$(TARGET_NAME)";
				PROVISIONING_PROFILE_SPECIFIER = "";
				"PROVISIONING_PROFILE_SPECIFIER[sdk=macosx*]" = "";
				SWIFT_VERSION = 5.0;
				TARGETED_DEVICE_FAMILY = "1,2";
				TEST_TARGET_NAME = LocationListing;
			};
			name = Release;
		};
/* End XCBuildConfiguration section */

/* Begin XCConfigurationList section */
		E06EE96926428BE60079D1DA /* Build configuration list for PBXProject "LocationListing" */ = {
			isa = XCConfigurationList;
			buildConfigurations = (
				E06EE99626428BE70079D1DA /* Debug */,
				E06EE99726428BE70079D1DA /* Release */,
			);
			defaultConfigurationIsVisible = 0;
			defaultConfigurationName = Release;
		};
		E06EE99826428BE70079D1DA /* Build configuration list for PBXNativeTarget "LocationListing" */ = {
			isa = XCConfigurationList;
			buildConfigurations = (
				E06EE99926428BE70079D1DA /* Debug */,
				E06EE99A26428BE70079D1DA /* Release */,
			);
			defaultConfigurationIsVisible = 0;
			defaultConfigurationName = Release;
		};
		E06EE99B26428BE70079D1DA /* Build configuration list for PBXNativeTarget "LocationListingTests" */ = {
			isa = XCConfigurationList;
			buildConfigurations = (
				E06EE99C26428BE70079D1DA /* Debug */,
				E06EE99D26428BE70079D1DA /* Release */,
			);
			defaultConfigurationIsVisible = 0;
			defaultConfigurationName = Release;
		};
		E06EE99E26428BE70079D1DA /* Build configuration list for PBXNativeTarget "LocationListingUITests" */ = {
			isa = XCConfigurationList;
			buildConfigurations = (
				E06EE99F26428BE70079D1DA /* Debug */,
				E06EE9A026428BE70079D1DA /* Release */,
			);
			defaultConfigurationIsVisible = 0;
			defaultConfigurationName = Release;
		};
/* End XCConfigurationList section */
	};
	rootObject = E06EE96626428BE60079D1DA /* Project object */;
}
